
Microsoft Visual Studio Solution File, Format Version 12.00
# Visual Studio Version 17
VisualStudioVersion = 17.5.33516.290
MinimumVisualStudioVersion = 10.0.40219.1
Project("{FAE04EC0-301F-11D3-BF4B-00C04F79EFBC}") = "InterfaceExample01", "InterfaceExample01\InterfaceExample01.csproj", "{ACD39EB9-164D-44E0-96F1-9CDFC76A23A2}"
EndProject
Global
	GlobalSection(SolutionConfigurationPlatforms) = preSolution
		Debug|Any CPU = Debug|Any CPU
		Release|Any CPU = Release|Any CPU
	EndGlobalSection
	GlobalSection(ProjectConfigurationPlatforms) = postSolution
		{ACD39EB9-164D-44E0-96F1-9CDFC76A23A2}.Debug|Any CPU.ActiveCfg = Debug|Any CPU
		{ACD39EB9-164D-44E0-96F1-9CDFC76A23A2}.Debug|Any CPU.Build.0 = Debug|Any CPU
		{ACD39EB9-164D-44E0-96F1-9CDFC76A23A2}.Release|Any CPU.ActiveCfg = Release|Any CPU
		{ACD39EB9-164D-44E0-96F1-9CDFC76A23A2}.Release|Any CPU.Build.0 = Release|Any CPU
	EndGlobalSection
	GlobalSection(SolutionProperties) = preSolution
		HideSolutionNode = FALSE
	EndGlobalSection
	GlobalSection(ExtensibilityGlobals) = postSolution
		SolutionGuid = {C1339C8A-7220-43F2-9AF0-CD97A2CF0532}
	EndGlobalSection
EndGlobal
