
Microsoft Visual Studio Solution File, Format Version 12.00
# Visual Studio Version 17
VisualStudioVersion = 17.5.33516.290
MinimumVisualStudioVersion = 10.0.40219.1
Project("{FAE04EC0-301F-11D3-BF4B-00C04F79EFBC}") = "EncapsulationExample01", "EncapsulationExample01\EncapsulationExample01.csproj", "{AD51EC47-284B-4C5C-94E4-D08241FAC6CD}"
EndProject
Global
	GlobalSection(SolutionConfigurationPlatforms) = preSolution
		Debug|Any CPU = Debug|Any CPU
		Release|Any CPU = Release|Any CPU
	EndGlobalSection
	GlobalSection(ProjectConfigurationPlatforms) = postSolution
		{AD51EC47-284B-4C5C-94E4-D08241FAC6CD}.Debug|Any CPU.ActiveCfg = Debug|Any CPU
		{AD51EC47-284B-4C5C-94E4-D08241FAC6CD}.Debug|Any CPU.Build.0 = Debug|Any CPU
		{AD51EC47-284B-4C5C-94E4-D08241FAC6CD}.Release|Any CPU.ActiveCfg = Release|Any CPU
		{AD51EC47-284B-4C5C-94E4-D08241FAC6CD}.Release|Any CPU.Build.0 = Release|Any CPU
	EndGlobalSection
	GlobalSection(SolutionProperties) = preSolution
		HideSolutionNode = FALSE
	EndGlobalSection
	GlobalSection(ExtensibilityGlobals) = postSolution
		SolutionGuid = {A9D9E0FC-7101-469E-A109-7F21522EC567}
	EndGlobalSection
EndGlobal
