
Microsoft Visual Studio Solution File, Format Version 12.00
# Visual Studio Version 17
VisualStudioVersion = 17.5.33516.290
MinimumVisualStudioVersion = 10.0.40219.1
Project("{FAE04EC0-301F-11D3-BF4B-00C04F79EFBC}") = "InterfaceExample02", "InterfaceExample02\InterfaceExample02.csproj", "{2B74700E-6C0E-4E4D-B235-74279C539A15}"
EndProject
Global
	GlobalSection(SolutionConfigurationPlatforms) = preSolution
		Debug|Any CPU = Debug|Any CPU
		Release|Any CPU = Release|Any CPU
	EndGlobalSection
	GlobalSection(ProjectConfigurationPlatforms) = postSolution
		{2B74700E-6C0E-4E4D-B235-74279C539A15}.Debug|Any CPU.ActiveCfg = Debug|Any CPU
		{2B74700E-6C0E-4E4D-B235-74279C539A15}.Debug|Any CPU.Build.0 = Debug|Any CPU
		{2B74700E-6C0E-4E4D-B235-74279C539A15}.Release|Any CPU.ActiveCfg = Release|Any CPU
		{2B74700E-6C0E-4E4D-B235-74279C539A15}.Release|Any CPU.Build.0 = Release|Any CPU
	EndGlobalSection
	GlobalSection(SolutionProperties) = preSolution
		HideSolutionNode = FALSE
	EndGlobalSection
	GlobalSection(ExtensibilityGlobals) = postSolution
		SolutionGuid = {3BCCA4F5-CF1D-4DD9-BCD2-E335347D489B}
	EndGlobalSection
EndGlobal
