
Microsoft Visual Studio Solution File, Format Version 12.00
# Visual Studio Version 17
VisualStudioVersion = 17.5.33516.290
MinimumVisualStudioVersion = 10.0.40219.1
Project("{F2A71F9B-5D33-465A-A702-920D77279786}") = "mvcExample", "mvcExample\mvcExample.fsproj", "{9229E6A1-1397-430A-90DB-40E217FBA860}"
EndProject
Global
	GlobalSection(SolutionConfigurationPlatforms) = preSolution
		Debug|Any CPU = Debug|Any CPU
		Release|Any CPU = Release|Any CPU
	EndGlobalSection
	GlobalSection(ProjectConfigurationPlatforms) = postSolution
		{9229E6A1-1397-430A-90DB-40E217FBA860}.Debug|Any CPU.ActiveCfg = Debug|Any CPU
		{9229E6A1-1397-430A-90DB-40E217FBA860}.Debug|Any CPU.Build.0 = Debug|Any CPU
		{9229E6A1-1397-430A-90DB-40E217FBA860}.Release|Any CPU.ActiveCfg = Release|Any CPU
		{9229E6A1-1397-430A-90DB-40E217FBA860}.Release|Any CPU.Build.0 = Release|Any CPU
	EndGlobalSection
	GlobalSection(SolutionProperties) = preSolution
		HideSolutionNode = FALSE
	EndGlobalSection
	GlobalSection(ExtensibilityGlobals) = postSolution
		SolutionGuid = {4CF29419-5825-4F53-B1A2-424733B5CD4F}
	EndGlobalSection
EndGlobal
